
Microsoft Visual Studio Solution File, Format Version 12.00
# Visual Studio 15
VisualStudioVersion = 15.0.26124.0
MinimumVisualStudioVersion = 15.0.26124.0
Project("{FAE04EC0-301F-11D3-BF4B-00C04F79EFBC}") = "Lovelace.Api", "Lovelace.Api\Lovelace.Api.csproj", "{9979D1E2-C957-4BAC-A7BA-B8F7CF45455D}"
EndProject
Project("{FAE04EC0-301F-11D3-BF4B-00C04F79EFBC}") = "Lovelace.Core", "Lovelace.Core\Lovelace.Core.csproj", "{8ED67C53-4EBB-4DD9-91E3-02CFCFB907C0}"
EndProject
Project("{FAE04EC0-301F-11D3-BF4B-00C04F79EFBC}") = "Lovelace.Data", "Lovelace.Data\Lovelace.Data.csproj", "{CFA4E989-774E-4007-A289-7495D4BD9DD2}"
EndProject
Project("{FAE04EC0-301F-11D3-BF4B-00C04F79EFBC}") = "Lovelace.Tests", "Lovelace.Tests\Lovelace.Tests.csproj", "{6A75244A-A09F-4B56-8F1B-A62A6EC1D889}"
EndProject
Global
	GlobalSection(SolutionConfigurationPlatforms) = preSolution
		Debug|Any CPU = Debug|Any CPU
		Debug|x64 = Debug|x64
		Debug|x86 = Debug|x86
		Release|Any CPU = Release|Any CPU
		Release|x64 = Release|x64
		Release|x86 = Release|x86
	EndGlobalSection
	GlobalSection(SolutionProperties) = preSolution
		HideSolutionNode = FALSE
	EndGlobalSection
	GlobalSection(ProjectConfigurationPlatforms) = postSolution
		{9979D1E2-C957-4BAC-A7BA-B8F7CF45455D}.Debug|Any CPU.ActiveCfg = Debug|Any CPU
		{9979D1E2-C957-4BAC-A7BA-B8F7CF45455D}.Debug|Any CPU.Build.0 = Debug|Any CPU
		{9979D1E2-C957-4BAC-A7BA-B8F7CF45455D}.Debug|x64.ActiveCfg = Debug|Any CPU
		{9979D1E2-C957-4BAC-A7BA-B8F7CF45455D}.Debug|x64.Build.0 = Debug|Any CPU
		{9979D1E2-C957-4BAC-A7BA-B8F7CF45455D}.Debug|x86.ActiveCfg = Debug|Any CPU
		{9979D1E2-C957-4BAC-A7BA-B8F7CF45455D}.Debug|x86.Build.0 = Debug|Any CPU
		{9979D1E2-C957-4BAC-A7BA-B8F7CF45455D}.Release|Any CPU.ActiveCfg = Release|Any CPU
		{9979D1E2-C957-4BAC-A7BA-B8F7CF45455D}.Release|Any CPU.Build.0 = Release|Any CPU
		{9979D1E2-C957-4BAC-A7BA-B8F7CF45455D}.Release|x64.ActiveCfg = Release|Any CPU
		{9979D1E2-C957-4BAC-A7BA-B8F7CF45455D}.Release|x64.Build.0 = Release|Any CPU
		{9979D1E2-C957-4BAC-A7BA-B8F7CF45455D}.Release|x86.ActiveCfg = Release|Any CPU
		{9979D1E2-C957-4BAC-A7BA-B8F7CF45455D}.Release|x86.Build.0 = Release|Any CPU
		{8ED67C53-4EBB-4DD9-91E3-02CFCFB907C0}.Debug|Any CPU.ActiveCfg = Debug|Any CPU
		{8ED67C53-4EBB-4DD9-91E3-02CFCFB907C0}.Debug|Any CPU.Build.0 = Debug|Any CPU
		{8ED67C53-4EBB-4DD9-91E3-02CFCFB907C0}.Debug|x64.ActiveCfg = Debug|Any CPU
		{8ED67C53-4EBB-4DD9-91E3-02CFCFB907C0}.Debug|x64.Build.0 = Debug|Any CPU
		{8ED67C53-4EBB-4DD9-91E3-02CFCFB907C0}.Debug|x86.ActiveCfg = Debug|Any CPU
		{8ED67C53-4EBB-4DD9-91E3-02CFCFB907C0}.Debug|x86.Build.0 = Debug|Any CPU
		{8ED67C53-4EBB-4DD9-91E3-02CFCFB907C0}.Release|Any CPU.ActiveCfg = Release|Any CPU
		{8ED67C53-4EBB-4DD9-91E3-02CFCFB907C0}.Release|Any CPU.Build.0 = Release|Any CPU
		{8ED67C53-4EBB-4DD9-91E3-02CFCFB907C0}.Release|x64.ActiveCfg = Release|Any CPU
		{8ED67C53-4EBB-4DD9-91E3-02CFCFB907C0}.Release|x64.Build.0 = Release|Any CPU
		{8ED67C53-4EBB-4DD9-91E3-02CFCFB907C0}.Release|x86.ActiveCfg = Release|Any CPU
		{8ED67C53-4EBB-4DD9-91E3-02CFCFB907C0}.Release|x86.Build.0 = Release|Any CPU
		{CFA4E989-774E-4007-A289-7495D4BD9DD2}.Debug|Any CPU.ActiveCfg = Debug|Any CPU
		{CFA4E989-774E-4007-A289-7495D4BD9DD2}.Debug|Any CPU.Build.0 = Debug|Any CPU
		{CFA4E989-774E-4007-A289-7495D4BD9DD2}.Debug|x64.ActiveCfg = Debug|Any CPU
		{CFA4E989-774E-4007-A289-7495D4BD9DD2}.Debug|x64.Build.0 = Debug|Any CPU
		{CFA4E989-774E-4007-A289-7495D4BD9DD2}.Debug|x86.ActiveCfg = Debug|Any CPU
		{CFA4E989-774E-4007-A289-7495D4BD9DD2}.Debug|x86.Build.0 = Debug|Any CPU
		{CFA4E989-774E-4007-A289-7495D4BD9DD2}.Release|Any CPU.ActiveCfg = Release|Any CPU
		{CFA4E989-774E-4007-A289-7495D4BD9DD2}.Release|Any CPU.Build.0 = Release|Any CPU
		{CFA4E989-774E-4007-A289-7495D4BD9DD2}.Release|x64.ActiveCfg = Release|Any CPU
		{CFA4E989-774E-4007-A289-7495D4BD9DD2}.Release|x64.Build.0 = Release|Any CPU
		{CFA4E989-774E-4007-A289-7495D4BD9DD2}.Release|x86.ActiveCfg = Release|Any CPU
		{CFA4E989-774E-4007-A289-7495D4BD9DD2}.Release|x86.Build.0 = Release|Any CPU
		{6A75244A-A09F-4B56-8F1B-A62A6EC1D889}.Debug|Any CPU.ActiveCfg = Debug|Any CPU
		{6A75244A-A09F-4B56-8F1B-A62A6EC1D889}.Debug|Any CPU.Build.0 = Debug|Any CPU
		{6A75244A-A09F-4B56-8F1B-A62A6EC1D889}.Debug|x64.ActiveCfg = Debug|Any CPU
		{6A75244A-A09F-4B56-8F1B-A62A6EC1D889}.Debug|x64.Build.0 = Debug|Any CPU
		{6A75244A-A09F-4B56-8F1B-A62A6EC1D889}.Debug|x86.ActiveCfg = Debug|Any CPU
		{6A75244A-A09F-4B56-8F1B-A62A6EC1D889}.Debug|x86.Build.0 = Debug|Any CPU
		{6A75244A-A09F-4B56-8F1B-A62A6EC1D889}.Release|Any CPU.ActiveCfg = Release|Any CPU
		{6A75244A-A09F-4B56-8F1B-A62A6EC1D889}.Release|Any CPU.Build.0 = Release|Any CPU
		{6A75244A-A09F-4B56-8F1B-A62A6EC1D889}.Release|x64.ActiveCfg = Release|Any CPU
		{6A75244A-A09F-4B56-8F1B-A62A6EC1D889}.Release|x64.Build.0 = Release|Any CPU
		{6A75244A-A09F-4B56-8F1B-A62A6EC1D889}.Release|x86.ActiveCfg = Release|Any CPU
		{6A75244A-A09F-4B56-8F1B-A62A6EC1D889}.Release|x86.Build.0 = Release|Any CPU
	EndGlobalSection
EndGlobal
